<?xml version="1.0" encoding="utf-8"?>
<Project ToolsVersion="4.0" xmlns="http://schemas.microsoft.com/developer/msbuild/2003">
  <ItemGroup>
    <Filter Include="源文件">
      <UniqueIdentifier>{4FC737F1-C7A5-4376-A066-2A32D752A2FF}</UniqueIdentifier>
      <Extensions>cpp;c;cc;cxx;def;odl;idl;hpj;bat;asm;asmx</Extensions>
    </Filter>
    <Filter Include="头文件">
      <UniqueIdentifier>{93995380-89BD-4b04-88EB-625FBE52EBFB}</UniqueIdentifier>
      <Extensions>h;hh;hpp;hxx;hm;inl;inc;xsd</Extensions>
    </Filter>
    <Filter Include="资源文件">
      <UniqueIdentifier>{67DA6AB6-F800-4c08-8B7A-83BB121AAD01}</UniqueIdentifier>
      <Extensions>rc;ico;cur;bmp;dlg;rc2;rct;bin;rgs;gif;jpg;jpeg;jpe;resx;tiff;tif;png;wav;mfcribbon-ms</Extensions>
    </Filter>
    <Filter Include="Eigen">
      <UniqueIdentifier>{a0d1cbff-484b-47a1-a701-d265e199fdcc}</UniqueIdentifier>
    </Filter>
    <Filter Include="Eigen\src">
      <UniqueIdentifier>{f6538d09-0f4a-42df-b6e2-8d3a98e3814a}</UniqueIdentifier>
    </Filter>
  </ItemGroup>
  <ItemGroup>
    <Text Include="ReadMe.txt" />
  </ItemGroup>
  <ItemGroup>
    <ClInclude Include="Eigen\src\Geometry\AlignedBox.h">
      <Filter>Eigen\src</Filter>
    </ClInclude>
    <ClInclude Include="Eigen\src\SparseCore\AmbiVector.h">
      <Filter>Eigen\src</Filter>
    </ClInclude>
    <ClInclude Include="Eigen\src\OrderingMethods\Amd.h">
      <Filter>Eigen\src</Filter>
    </ClInclude>
    <ClInclude Include="Eigen\src\Geometry\AngleAxis.h">
      <Filter>Eigen\src</Filter>
    </ClInclude>
    <ClInclude Include="Eigen\src\Core\Array.h">
      <Filter>Eigen\src</Filter>
    </ClInclude>
    <ClInclude Include="Eigen\src\Core\ArrayBase.h">
      <Filter>Eigen\src</Filter>
    </ClInclude>
    <ClInclude Include="Eigen\src\plugins\ArrayCwiseBinaryOps.h">
      <Filter>Eigen\src</Filter>
    </ClInclude>
    <ClInclude Include="Eigen\src\plugins\ArrayCwiseUnaryOps.h">
      <Filter>Eigen\src</Filter>
    </ClInclude>
    <ClInclude Include="Eigen\src\Core\ArrayWrapper.h">
      <Filter>Eigen\src</Filter>
    </ClInclude>
    <ClInclude Include="Eigen\src\Core\Assign.h">
      <Filter>Eigen\src</Filter>
    </ClInclude>
    <ClInclude Include="Eigen\src\Core\Assign_MKL.h">
      <Filter>Eigen\src</Filter>
    </ClInclude>
    <ClInclude Include="Eigen\src\Core\AssignEvaluator.h">
      <Filter>Eigen\src</Filter>
    </ClInclude>
    <ClInclude Include="Eigen\src\Core\functors\AssignmentFunctors.h">
      <Filter>Eigen\src</Filter>
    </ClInclude>
    <ClInclude Include="Eigen\src\Core\BandMatrix.h">
      <Filter>Eigen\src</Filter>
    </ClInclude>
    <ClInclude Include="Eigen\src\IterativeLinearSolvers\BasicPreconditioners.h">
      <Filter>Eigen\src</Filter>
    </ClInclude>
    <ClInclude Include="Eigen\src\SVD\BDCSVD.h">
      <Filter>Eigen\src</Filter>
    </ClInclude>
    <ClInclude Include="Eigen\src\IterativeLinearSolvers\BiCGSTAB.h">
      <Filter>Eigen\src</Filter>
    </ClInclude>
    <ClInclude Include="Eigen\src\Core\functors\BinaryFunctors.h">
      <Filter>Eigen\src</Filter>
    </ClInclude>
    <ClInclude Include="Eigen\src\misc\blas.h">
      <Filter>Eigen\src</Filter>
    </ClInclude>
    <ClInclude Include="Eigen\src\Core\util\BlasUtil.h">
      <Filter>Eigen\src</Filter>
    </ClInclude>
    <ClInclude Include="Eigen\src\Core\Block.h">
      <Filter>Eigen\src</Filter>
    </ClInclude>
    <ClInclude Include="Eigen\src\Householder\BlockHouseholder.h">
      <Filter>Eigen\src</Filter>
    </ClInclude>
    <ClInclude Include="Eigen\src\plugins\BlockMethods.h">
      <Filter>Eigen\src</Filter>
    </ClInclude>
    <ClInclude Include="Eigen\src\Core\BooleanRedux.h">
      <Filter>Eigen\src</Filter>
    </ClInclude>
    <ClInclude Include="Eigen\src\CholmodSupport\CholmodSupport.h">
      <Filter>Eigen\src</Filter>
    </ClInclude>
    <ClInclude Include="Eigen\src\QR\ColPivHouseholderQR.h">
      <Filter>Eigen\src</Filter>
    </ClInclude>
    <ClInclude Include="Eigen\src\QR\ColPivHouseholderQR_LAPACKE.h">
      <Filter>Eigen\src</Filter>
    </ClInclude>
    <ClInclude Include="Eigen\src\Core\CommaInitializer.h">
      <Filter>Eigen\src</Filter>
    </ClInclude>
    <ClInclude Include="Eigen\src\plugins\CommonCwiseBinaryOps.h">
      <Filter>Eigen\src</Filter>
    </ClInclude>
    <ClInclude Include="Eigen\src\plugins\CommonCwiseUnaryOps.h">
      <Filter>Eigen\src</Filter>
    </ClInclude>
    <ClInclude Include="Eigen\src\QR\CompleteOrthogonalDecomposition.h">
      <Filter>Eigen\src</Filter>
    </ClInclude>
    <ClInclude Include="Eigen\src\Core\arch\CUDA\Complex.h">
      <Filter>Eigen\src</Filter>
    </ClInclude>
    <ClInclude Include="Eigen\src\Core\arch\NEON\Complex.h">
      <Filter>Eigen\src</Filter>
    </ClInclude>
    <ClInclude Include="Eigen\src\Core\arch\SSE\Complex.h">
      <Filter>Eigen\src</Filter>
    </ClInclude>
    <ClInclude Include="Eigen\src\Core\arch\AltiVec\Complex.h">
      <Filter>Eigen\src</Filter>
    </ClInclude>
    <ClInclude Include="Eigen\src\Core\arch\ZVector\Complex.h">
      <Filter>Eigen\src</Filter>
    </ClInclude>
    <ClInclude Include="Eigen\src\Core\arch\AVX\Complex.h">
      <Filter>Eigen\src</Filter>
    </ClInclude>
    <ClInclude Include="Eigen\src\Eigenvalues\ComplexEigenSolver.h">
      <Filter>Eigen\src</Filter>
    </ClInclude>
    <ClInclude Include="Eigen\src\Eigenvalues\ComplexSchur.h">
      <Filter>Eigen\src</Filter>
    </ClInclude>
    <ClInclude Include="Eigen\src\Eigenvalues\ComplexSchur_LAPACKE.h">
      <Filter>Eigen\src</Filter>
    </ClInclude>
    <ClInclude Include="Eigen\src\SparseCore\CompressedStorage.h">
      <Filter>Eigen\src</Filter>
    </ClInclude>
    <ClInclude Include="Eigen\src\Core\ConditionEstimator.h">
      <Filter>Eigen\src</Filter>
    </ClInclude>
    <ClInclude Include="Eigen\src\IterativeLinearSolvers\ConjugateGradient.h">
      <Filter>Eigen\src</Filter>
    </ClInclude>
    <ClInclude Include="Eigen\src\SparseCore\ConservativeSparseSparseProduct.h">
      <Filter>Eigen\src</Filter>
    </ClInclude>
    <ClInclude Include="Eigen\src\Core\util\Constants.h">
      <Filter>Eigen\src</Filter>
    </ClInclude>
    <ClInclude Include="Eigen\src\Core\CoreEvaluators.h">
      <Filter>Eigen\src</Filter>
    </ClInclude>
    <ClInclude Include="Eigen\src\Core\CoreIterators.h">
      <Filter>Eigen\src</Filter>
    </ClInclude>
    <ClInclude Include="Eigen\src\Core\CwiseBinaryOp.h">
      <Filter>Eigen\src</Filter>
    </ClInclude>
    <ClInclude Include="Eigen\src\Core\CwiseNullaryOp.h">
      <Filter>Eigen\src</Filter>
    </ClInclude>
    <ClInclude Include="Eigen\src\Core\CwiseTernaryOp.h">
      <Filter>Eigen\src</Filter>
    </ClInclude>
    <ClInclude Include="Eigen\src\Core\CwiseUnaryOp.h">
      <Filter>Eigen\src</Filter>
    </ClInclude>
    <ClInclude Include="Eigen\src\Core\CwiseUnaryView.h">
      <Filter>Eigen\src</Filter>
    </ClInclude>
    <ClInclude Include="Eigen\src\Core\DenseBase.h">
      <Filter>Eigen\src</Filter>
    </ClInclude>
    <ClInclude Include="Eigen\src\Core\DenseCoeffsBase.h">
      <Filter>Eigen\src</Filter>
    </ClInclude>
    <ClInclude Include="Eigen\src\Core\DenseStorage.h">
      <Filter>Eigen\src</Filter>
    </ClInclude>
    <ClInclude Include="Eigen\src\StlSupport\details.h">
      <Filter>Eigen\src</Filter>
    </ClInclude>
    <ClInclude Include="Eigen\src\LU\Determinant.h">
      <Filter>Eigen\src</Filter>
    </ClInclude>
    <ClInclude Include="Eigen\src\Core\Diagonal.h">
      <Filter>Eigen\src</Filter>
    </ClInclude>
    <ClInclude Include="Eigen\src\Core\DiagonalMatrix.h">
      <Filter>Eigen\src</Filter>
    </ClInclude>
    <ClInclude Include="Eigen\src\Core\DiagonalProduct.h">
      <Filter>Eigen\src</Filter>
    </ClInclude>
    <ClInclude Include="Eigen\src\Core\util\DisableStupidWarnings.h">
      <Filter>Eigen\src</Filter>
    </ClInclude>
    <ClInclude Include="Eigen\src\Core\Dot.h">
      <Filter>Eigen\src</Filter>
    </ClInclude>
    <ClInclude Include="Eigen\src\OrderingMethods\Eigen_Colamd.h">
      <Filter>Eigen\src</Filter>
    </ClInclude>
    <ClInclude Include="Eigen\src\Core\EigenBase.h">
      <Filter>Eigen\src</Filter>
    </ClInclude>
    <ClInclude Include="Eigen\src\Eigenvalues\EigenSolver.h">
      <Filter>Eigen\src</Filter>
    </ClInclude>
    <ClInclude Include="Eigen\src\Geometry\EulerAngles.h">
      <Filter>Eigen\src</Filter>
    </ClInclude>
    <ClInclude Include="Eigen\src\Core\ForceAlignedAccess.h">
      <Filter>Eigen\src</Filter>
    </ClInclude>
    <ClInclude Include="Eigen\src\Core\util\ForwardDeclarations.h">
      <Filter>Eigen\src</Filter>
    </ClInclude>
    <ClInclude Include="Eigen\src\QR\FullPivHouseholderQR.h">
      <Filter>Eigen\src</Filter>
    </ClInclude>
    <ClInclude Include="Eigen\src\LU\FullPivLU.h">
      <Filter>Eigen\src</Filter>
    </ClInclude>
    <ClInclude Include="Eigen\src\Core\Fuzzy.h">
      <Filter>Eigen\src</Filter>
    </ClInclude>
    <ClInclude Include="Eigen\src\Core\products\GeneralBlockPanelKernel.h">
      <Filter>Eigen\src</Filter>
    </ClInclude>
    <ClInclude Include="Eigen\src\Eigenvalues\GeneralizedEigenSolver.h">
      <Filter>Eigen\src</Filter>
    </ClInclude>
    <ClInclude Include="Eigen\src\Eigenvalues\GeneralizedSelfAdjointEigenSolver.h">
      <Filter>Eigen\src</Filter>
    </ClInclude>
    <ClInclude Include="Eigen\src\Core\products\GeneralMatrixMatrix.h">
      <Filter>Eigen\src</Filter>
    </ClInclude>
    <ClInclude Include="Eigen\src\Core\products\GeneralMatrixMatrix_BLAS.h">
      <Filter>Eigen\src</Filter>
    </ClInclude>
    <ClInclude Include="Eigen\src\Core\products\GeneralMatrixMatrixTriangular.h">
      <Filter>Eigen\src</Filter>
    </ClInclude>
    <ClInclude Include="Eigen\src\Core\products\GeneralMatrixMatrixTriangular_BLAS.h">
      <Filter>Eigen\src</Filter>
    </ClInclude>
    <ClInclude Include="Eigen\src\Core\products\GeneralMatrixVector.h">
      <Filter>Eigen\src</Filter>
    </ClInclude>
    <ClInclude Include="Eigen\src\Core\products\GeneralMatrixVector_BLAS.h">
      <Filter>Eigen\src</Filter>
    </ClInclude>
    <ClInclude Include="Eigen\src\Core\GeneralProduct.h">
      <Filter>Eigen\src</Filter>
    </ClInclude>
    <ClInclude Include="Eigen\src\Core\GenericPacketMath.h">
      <Filter>Eigen\src</Filter>
    </ClInclude>
    <ClInclude Include="Eigen\src\Geometry\arch\Geometry_SSE.h">
      <Filter>Eigen\src</Filter>
    </ClInclude>
    <ClInclude Include="Eigen\src\Core\GlobalFunctions.h">
      <Filter>Eigen\src</Filter>
    </ClInclude>
    <ClInclude Include="Eigen\src\Core\arch\CUDA\Half.h">
      <Filter>Eigen\src</Filter>
    </ClInclude>
    <ClInclude Include="Eigen\src\Eigenvalues\HessenbergDecomposition.h">
      <Filter>Eigen\src</Filter>
    </ClInclude>
    <ClInclude Include="Eigen\src\Geometry\Homogeneous.h">
      <Filter>Eigen\src</Filter>
    </ClInclude>
    <ClInclude Include="Eigen\src\Householder\Householder.h">
      <Filter>Eigen\src</Filter>
    </ClInclude>
    <ClInclude Include="Eigen\src\QR\HouseholderQR.h">
      <Filter>Eigen\src</Filter>
    </ClInclude>
    <ClInclude Include="Eigen\src\QR\HouseholderQR_LAPACKE.h">
      <Filter>Eigen\src</Filter>
    </ClInclude>
    <ClInclude Include="Eigen\src\Householder\HouseholderSequence.h">
      <Filter>Eigen\src</Filter>
    </ClInclude>
    <ClInclude Include="Eigen\src\Geometry\Hyperplane.h">
      <Filter>Eigen\src</Filter>
    </ClInclude>
    <ClInclude Include="Eigen\src\misc\Image.h">
      <Filter>Eigen\src</Filter>
    </ClInclude>
    <ClInclude Include="Eigen\src\IterativeLinearSolvers\IncompleteCholesky.h">
      <Filter>Eigen\src</Filter>
    </ClInclude>
    <ClInclude Include="Eigen\src\IterativeLinearSolvers\IncompleteLUT.h">
      <Filter>Eigen\src</Filter>
    </ClInclude>
    <ClInclude Include="Eigen\src\Core\Inverse.h">
      <Filter>Eigen\src</Filter>
    </ClInclude>
    <ClInclude Include="Eigen\src\LU\arch\Inverse_SSE.h">
      <Filter>Eigen\src</Filter>
    </ClInclude>
    <ClInclude Include="Eigen\src\LU\InverseImpl.h">
      <Filter>Eigen\src</Filter>
    </ClInclude>
    <ClInclude Include="Eigen\src\Core\IO.h">
      <Filter>Eigen\src</Filter>
    </ClInclude>
    <ClInclude Include="Eigen\src\IterativeLinearSolvers\IterativeSolverBase.h">
      <Filter>Eigen\src</Filter>
    </ClInclude>
    <ClInclude Include="Eigen\src\Jacobi\Jacobi.h">
      <Filter>Eigen\src</Filter>
    </ClInclude>
    <ClInclude Include="Eigen\src\SVD\JacobiSVD.h">
      <Filter>Eigen\src</Filter>
    </ClInclude>
    <ClInclude Include="Eigen\src\SVD\JacobiSVD_LAPACKE.h">
      <Filter>Eigen\src</Filter>
    </ClInclude>
    <ClInclude Include="Eigen\src\misc\Kernel.h">
      <Filter>Eigen\src</Filter>
    </ClInclude>
    <ClInclude Include="Eigen\src\misc\lapack.h">
      <Filter>Eigen\src</Filter>
    </ClInclude>
    <ClInclude Include="Eigen\src\misc\lapacke.h">
      <Filter>Eigen\src</Filter>
    </ClInclude>
    <ClInclude Include="Eigen\src\misc\lapacke_mangling.h">
      <Filter>Eigen\src</Filter>
    </ClInclude>
    <ClInclude Include="Eigen\src\Cholesky\LDLT.h">
      <Filter>Eigen\src</Filter>
    </ClInclude>
    <ClInclude Include="Eigen\src\IterativeLinearSolvers\LeastSquareConjugateGradient.h">
      <Filter>Eigen\src</Filter>
    </ClInclude>
    <ClInclude Include="Eigen\src\Cholesky\LLT.h">
      <Filter>Eigen\src</Filter>
    </ClInclude>
    <ClInclude Include="Eigen\src\Cholesky\LLT_LAPACKE.h">
      <Filter>Eigen\src</Filter>
    </ClInclude>
    <ClInclude Include="Eigen\src\Core\util\Macros.h">
      <Filter>Eigen\src</Filter>
    </ClInclude>
    <ClInclude Include="Eigen\src\Core\Map.h">
      <Filter>Eigen\src</Filter>
    </ClInclude>
    <ClInclude Include="Eigen\src\Core\MapBase.h">
      <Filter>Eigen\src</Filter>
    </ClInclude>
    <ClInclude Include="Eigen\src\SparseCore\MappedSparseMatrix.h">
      <Filter>Eigen\src</Filter>
    </ClInclude>
    <ClInclude Include="Eigen\src\Core\MathFunctions.h">
      <Filter>Eigen\src</Filter>
    </ClInclude>
    <ClInclude Include="Eigen\src\Core\arch\ZVector\MathFunctions.h">
      <Filter>Eigen\src</Filter>
    </ClInclude>
    <ClInclude Include="Eigen\src\Core\arch\CUDA\MathFunctions.h">
      <Filter>Eigen\src</Filter>
    </ClInclude>
    <ClInclude Include="Eigen\src\Core\arch\AltiVec\MathFunctions.h">
      <Filter>Eigen\src</Filter>
    </ClInclude>
    <ClInclude Include="Eigen\src\Core\arch\NEON\MathFunctions.h">
      <Filter>Eigen\src</Filter>
    </ClInclude>
    <ClInclude Include="Eigen\src\Core\arch\SSE\MathFunctions.h">
      <Filter>Eigen\src</Filter>
    </ClInclude>
    <ClInclude Include="Eigen\src\Core\arch\AVX\MathFunctions.h">
      <Filter>Eigen\src</Filter>
    </ClInclude>
    <ClInclude Include="Eigen\src\Core\arch\AVX512\MathFunctions.h">
      <Filter>Eigen\src</Filter>
    </ClInclude>
    <ClInclude Include="Eigen\src\Core\MathFunctionsImpl.h">
      <Filter>Eigen\src</Filter>
    </ClInclude>
    <ClInclude Include="Eigen\src\Core\Matrix.h">
      <Filter>Eigen\src</Filter>
    </ClInclude>
    <ClInclude Include="Eigen\src\Core\MatrixBase.h">
      <Filter>Eigen\src</Filter>
    </ClInclude>
    <ClInclude Include="Eigen\src\Eigenvalues\MatrixBaseEigenvalues.h">
      <Filter>Eigen\src</Filter>
    </ClInclude>
    <ClInclude Include="Eigen\src\plugins\MatrixCwiseBinaryOps.h">
      <Filter>Eigen\src</Filter>
    </ClInclude>
    <ClInclude Include="Eigen\src\plugins\MatrixCwiseUnaryOps.h">
      <Filter>Eigen\src</Filter>
    </ClInclude>
    <ClInclude Include="Eigen\src\Core\util\Memory.h">
      <Filter>Eigen\src</Filter>
    </ClInclude>
    <ClInclude Include="Eigen\src\Core\util\Meta.h">
      <Filter>Eigen\src</Filter>
    </ClInclude>
    <ClInclude Include="Eigen\src\MetisSupport\MetisSupport.h">
      <Filter>Eigen\src</Filter>
    </ClInclude>
    <ClInclude Include="Eigen\src\Core\util\MKL_support.h">
      <Filter>Eigen\src</Filter>
    </ClInclude>
    <ClInclude Include="Eigen\src\Core\NestByValue.h">
      <Filter>Eigen\src</Filter>
    </ClInclude>
    <ClInclude Include="Eigen\src\Core\NoAlias.h">
      <Filter>Eigen\src</Filter>
    </ClInclude>
    <ClInclude Include="Eigen\src\Core\util\NonMPL2.h">
      <Filter>Eigen\src</Filter>
    </ClInclude>
    <ClInclude Include="Eigen\src\Core\functors\NullaryFunctors.h">
      <Filter>Eigen\src</Filter>
    </ClInclude>
    <ClInclude Include="Eigen\src\Core\NumTraits.h">
      <Filter>Eigen\src</Filter>
    </ClInclude>
    <ClInclude Include="Eigen\src\OrderingMethods\Ordering.h">
      <Filter>Eigen\src</Filter>
    </ClInclude>
    <ClInclude Include="Eigen\src\Geometry\OrthoMethods.h">
      <Filter>Eigen\src</Filter>
    </ClInclude>
    <ClInclude Include="Eigen\src\Core\arch\CUDA\PacketMath.h">
      <Filter>Eigen\src</Filter>
    </ClInclude>
    <ClInclude Include="Eigen\src\Core\arch\NEON\PacketMath.h">
      <Filter>Eigen\src</Filter>
    </ClInclude>
    <ClInclude Include="Eigen\src\Core\arch\AVX512\PacketMath.h">
      <Filter>Eigen\src</Filter>
    </ClInclude>
    <ClInclude Include="Eigen\src\Core\arch\SSE\PacketMath.h">
      <Filter>Eigen\src</Filter>
    </ClInclude>
    <ClInclude Include="Eigen\src\Core\arch\ZVector\PacketMath.h">
      <Filter>Eigen\src</Filter>
    </ClInclude>
    <ClInclude Include="Eigen\src\Core\arch\AltiVec\PacketMath.h">
      <Filter>Eigen\src</Filter>
    </ClInclude>
    <ClInclude Include="Eigen\src\Core\arch\AVX\PacketMath.h">
      <Filter>Eigen\src</Filter>
    </ClInclude>
    <ClInclude Include="Eigen\src\Core\arch\CUDA\PacketMathHalf.h">
      <Filter>Eigen\src</Filter>
    </ClInclude>
    <ClInclude Include="Eigen\src\Core\products\Parallelizer.h">
      <Filter>Eigen\src</Filter>
    </ClInclude>
    <ClInclude Include="Eigen\src\Geometry\ParametrizedLine.h">
      <Filter>Eigen\src</Filter>
    </ClInclude>
    <ClInclude Include="Eigen\src\PardisoSupport\PardisoSupport.h">
      <Filter>Eigen\src</Filter>
    </ClInclude>
    <ClInclude Include="Eigen\src\LU\PartialPivLU.h">
      <Filter>Eigen\src</Filter>
    </ClInclude>
    <ClInclude Include="Eigen\src\LU\PartialPivLU_LAPACKE.h">
      <Filter>Eigen\src</Filter>
    </ClInclude>
    <ClInclude Include="Eigen\src\PaStiXSupport\PaStiXSupport.h">
      <Filter>Eigen\src</Filter>
    </ClInclude>
    <ClInclude Include="Eigen\src\Core\PermutationMatrix.h">
      <Filter>Eigen\src</Filter>
    </ClInclude>
    <ClInclude Include="Eigen\src\Core\PlainObjectBase.h">
      <Filter>Eigen\src</Filter>
    </ClInclude>
    <ClInclude Include="Eigen\src\Core\Product.h">
      <Filter>Eigen\src</Filter>
    </ClInclude>
    <ClInclude Include="Eigen\src\Core\ProductEvaluators.h">
      <Filter>Eigen\src</Filter>
    </ClInclude>
    <ClInclude Include="Eigen\src\Geometry\Quaternion.h">
      <Filter>Eigen\src</Filter>
    </ClInclude>
    <ClInclude Include="Eigen\src\Core\Random.h">
      <Filter>Eigen\src</Filter>
    </ClInclude>
    <ClInclude Include="Eigen\src\Eigenvalues\RealQZ.h">
      <Filter>Eigen\src</Filter>
    </ClInclude>
    <ClInclude Include="Eigen\src\Eigenvalues\RealSchur.h">
      <Filter>Eigen\src</Filter>
    </ClInclude>
    <ClInclude Include="Eigen\src\Eigenvalues\RealSchur_LAPACKE.h">
      <Filter>Eigen\src</Filter>
    </ClInclude>
    <ClInclude Include="Eigen\src\misc\RealSvd2x2.h">
      <Filter>Eigen\src</Filter>
    </ClInclude>
    <ClInclude Include="Eigen\src\Core\Redux.h">
      <Filter>Eigen\src</Filter>
    </ClInclude>
    <ClInclude Include="Eigen\src\Core\util\ReenableStupidWarnings.h">
      <Filter>Eigen\src</Filter>
    </ClInclude>
    <ClInclude Include="Eigen\src\Core\Ref.h">
      <Filter>Eigen\src</Filter>
    </ClInclude>
    <ClInclude Include="Eigen\src\Core\Replicate.h">
      <Filter>Eigen\src</Filter>
    </ClInclude>
    <ClInclude Include="Eigen\src\Core\ReturnByValue.h">
      <Filter>Eigen\src</Filter>
    </ClInclude>
    <ClInclude Include="Eigen\src\Core\Reverse.h">
      <Filter>Eigen\src</Filter>
    </ClInclude>
    <ClInclude Include="Eigen\src\Geometry\Rotation2D.h">
      <Filter>Eigen\src</Filter>
    </ClInclude>
    <ClInclude Include="Eigen\src\Geometry\RotationBase.h">
      <Filter>Eigen\src</Filter>
    </ClInclude>
    <ClInclude Include="Eigen\src\Geometry\Scaling.h">
      <Filter>Eigen\src</Filter>
    </ClInclude>
    <ClInclude Include="Eigen\src\Core\Select.h">
      <Filter>Eigen\src</Filter>
    </ClInclude>
    <ClInclude Include="Eigen\src\Eigenvalues\SelfAdjointEigenSolver.h">
      <Filter>Eigen\src</Filter>
    </ClInclude>
    <ClInclude Include="Eigen\src\Eigenvalues\SelfAdjointEigenSolver_LAPACKE.h">
      <Filter>Eigen\src</Filter>
    </ClInclude>
    <ClInclude Include="Eigen\src\Core\products\SelfadjointMatrixMatrix.h">
      <Filter>Eigen\src</Filter>
    </ClInclude>
    <ClInclude Include="Eigen\src\Core\products\SelfadjointMatrixMatrix_BLAS.h">
      <Filter>Eigen\src</Filter>
    </ClInclude>
    <ClInclude Include="Eigen\src\Core\products\SelfadjointMatrixVector.h">
      <Filter>Eigen\src</Filter>
    </ClInclude>
    <ClInclude Include="Eigen\src\Core\products\SelfadjointMatrixVector_BLAS.h">
      <Filter>Eigen\src</Filter>
    </ClInclude>
    <ClInclude Include="Eigen\src\Core\products\SelfadjointProduct.h">
      <Filter>Eigen\src</Filter>
    </ClInclude>
    <ClInclude Include="Eigen\src\Core\products\SelfadjointRank2Update.h">
      <Filter>Eigen\src</Filter>
    </ClInclude>
    <ClInclude Include="Eigen\src\Core\SelfAdjointView.h">
      <Filter>Eigen\src</Filter>
    </ClInclude>
    <ClInclude Include="Eigen\src\Core\SelfCwiseBinaryOp.h">
      <Filter>Eigen\src</Filter>
    </ClInclude>
    <ClInclude Include="Eigen\src\Core\arch\Default\Settings.h">
      <Filter>Eigen\src</Filter>
    </ClInclude>
    <ClInclude Include="Eigen\src\SparseCholesky\SimplicialCholesky.h">
      <Filter>Eigen\src</Filter>
    </ClInclude>
    <ClInclude Include="Eigen\src\SparseCholesky\SimplicialCholesky_impl.h">
      <Filter>Eigen\src</Filter>
    </ClInclude>
    <ClInclude Include="Eigen\src\Core\Solve.h">
      <Filter>Eigen\src</Filter>
    </ClInclude>
    <ClInclude Include="Eigen\src\Core\SolverBase.h">
      <Filter>Eigen\src</Filter>
    </ClInclude>
    <ClInclude Include="Eigen\src\Core\SolveTriangular.h">
      <Filter>Eigen\src</Filter>
    </ClInclude>
    <ClInclude Include="Eigen\src\IterativeLinearSolvers\SolveWithGuess.h">
      <Filter>Eigen\src</Filter>
    </ClInclude>
    <ClInclude Include="Eigen\src\SparseCore\SparseAssign.h">
      <Filter>Eigen\src</Filter>
    </ClInclude>
    <ClInclude Include="Eigen\src\SparseCore\SparseBlock.h">
      <Filter>Eigen\src</Filter>
    </ClInclude>
    <ClInclude Include="Eigen\src\SparseCore\SparseColEtree.h">
      <Filter>Eigen\src</Filter>
    </ClInclude>
    <ClInclude Include="Eigen\src\SparseCore\SparseCompressedBase.h">
      <Filter>Eigen\src</Filter>
    </ClInclude>
    <ClInclude Include="Eigen\src\SparseCore\SparseCwiseBinaryOp.h">
      <Filter>Eigen\src</Filter>
    </ClInclude>
    <ClInclude Include="Eigen\src\SparseCore\SparseCwiseUnaryOp.h">
      <Filter>Eigen\src</Filter>
    </ClInclude>
    <ClInclude Include="Eigen\src\SparseCore\SparseDenseProduct.h">
      <Filter>Eigen\src</Filter>
    </ClInclude>
    <ClInclude Include="Eigen\src\SparseCore\SparseDiagonalProduct.h">
      <Filter>Eigen\src</Filter>
    </ClInclude>
    <ClInclude Include="Eigen\src\SparseCore\SparseDot.h">
      <Filter>Eigen\src</Filter>
    </ClInclude>
    <ClInclude Include="Eigen\src\SparseCore\SparseFuzzy.h">
      <Filter>Eigen\src</Filter>
    </ClInclude>
    <ClInclude Include="Eigen\src\SparseLU\SparseLU.h">
      <Filter>Eigen\src</Filter>
    </ClInclude>
    <ClInclude Include="Eigen\src\SparseLU\SparseLU_column_bmod.h">
      <Filter>Eigen\src</Filter>
    </ClInclude>
    <ClInclude Include="Eigen\src\SparseLU\SparseLU_column_dfs.h">
      <Filter>Eigen\src</Filter>
    </ClInclude>
    <ClInclude Include="Eigen\src\SparseLU\SparseLU_copy_to_ucol.h">
      <Filter>Eigen\src</Filter>
    </ClInclude>
    <ClInclude Include="Eigen\src\SparseLU\SparseLU_gemm_kernel.h">
      <Filter>Eigen\src</Filter>
    </ClInclude>
    <ClInclude Include="Eigen\src\SparseLU\SparseLU_heap_relax_snode.h">
      <Filter>Eigen\src</Filter>
    </ClInclude>
    <ClInclude Include="Eigen\src\SparseLU\SparseLU_kernel_bmod.h">
      <Filter>Eigen\src</Filter>
    </ClInclude>
    <ClInclude Include="Eigen\src\SparseLU\SparseLU_Memory.h">
      <Filter>Eigen\src</Filter>
    </ClInclude>
    <ClInclude Include="Eigen\src\SparseLU\SparseLU_panel_bmod.h">
      <Filter>Eigen\src</Filter>
    </ClInclude>
    <ClInclude Include="Eigen\src\SparseLU\SparseLU_panel_dfs.h">
      <Filter>Eigen\src</Filter>
    </ClInclude>
    <ClInclude Include="Eigen\src\SparseLU\SparseLU_pivotL.h">
      <Filter>Eigen\src</Filter>
    </ClInclude>
    <ClInclude Include="Eigen\src\SparseLU\SparseLU_pruneL.h">
      <Filter>Eigen\src</Filter>
    </ClInclude>
    <ClInclude Include="Eigen\src\SparseLU\SparseLU_relax_snode.h">
      <Filter>Eigen\src</Filter>
    </ClInclude>
    <ClInclude Include="Eigen\src\SparseLU\SparseLU_Structs.h">
      <Filter>Eigen\src</Filter>
    </ClInclude>
    <ClInclude Include="Eigen\src\SparseLU\SparseLU_SupernodalMatrix.h">
      <Filter>Eigen\src</Filter>
    </ClInclude>
    <ClInclude Include="Eigen\src\SparseLU\SparseLU_Utils.h">
      <Filter>Eigen\src</Filter>
    </ClInclude>
    <ClInclude Include="Eigen\src\SparseLU\SparseLUImpl.h">
      <Filter>Eigen\src</Filter>
    </ClInclude>
    <ClInclude Include="Eigen\src\SparseCore\SparseMap.h">
      <Filter>Eigen\src</Filter>
    </ClInclude>
    <ClInclude Include="Eigen\src\SparseCore\SparseMatrix.h">
      <Filter>Eigen\src</Filter>
    </ClInclude>
    <ClInclude Include="Eigen\src\SparseCore\SparseMatrixBase.h">
      <Filter>Eigen\src</Filter>
    </ClInclude>
    <ClInclude Include="Eigen\src\SparseCore\SparsePermutation.h">
      <Filter>Eigen\src</Filter>
    </ClInclude>
    <ClInclude Include="Eigen\src\SparseCore\SparseProduct.h">
      <Filter>Eigen\src</Filter>
    </ClInclude>
    <ClInclude Include="Eigen\src\SparseQR\SparseQR.h">
      <Filter>Eigen\src</Filter>
    </ClInclude>
    <ClInclude Include="Eigen\src\SparseCore\SparseRedux.h">
      <Filter>Eigen\src</Filter>
    </ClInclude>
    <ClInclude Include="Eigen\src\SparseCore\SparseRef.h">
      <Filter>Eigen\src</Filter>
    </ClInclude>
    <ClInclude Include="Eigen\src\SparseCore\SparseSelfAdjointView.h">
      <Filter>Eigen\src</Filter>
    </ClInclude>
    <ClInclude Include="Eigen\src\SparseCore\SparseSolverBase.h">
      <Filter>Eigen\src</Filter>
    </ClInclude>
    <ClInclude Include="Eigen\src\SparseCore\SparseSparseProductWithPruning.h">
      <Filter>Eigen\src</Filter>
    </ClInclude>
    <ClInclude Include="Eigen\src\SparseCore\SparseTranspose.h">
      <Filter>Eigen\src</Filter>
    </ClInclude>
    <ClInclude Include="Eigen\src\SparseCore\SparseTriangularView.h">
      <Filter>Eigen\src</Filter>
    </ClInclude>
    <ClInclude Include="Eigen\src\SparseCore\SparseUtil.h">
      <Filter>Eigen\src</Filter>
    </ClInclude>
    <ClInclude Include="Eigen\src\SparseCore\SparseVector.h">
      <Filter>Eigen\src</Filter>
    </ClInclude>
    <ClInclude Include="Eigen\src\SparseCore\SparseView.h">
      <Filter>Eigen\src</Filter>
    </ClInclude>
    <ClInclude Include="Eigen\src\Core\StableNorm.h">
      <Filter>Eigen\src</Filter>
    </ClInclude>
    <ClInclude Include="Eigen\src\Core\util\StaticAssert.h">
      <Filter>Eigen\src</Filter>
    </ClInclude>
    <ClInclude Include="Eigen\src\StlSupport\StdDeque.h">
      <Filter>Eigen\src</Filter>
    </ClInclude>
    <ClInclude Include="Eigen\src\StlSupport\StdList.h">
      <Filter>Eigen\src</Filter>
    </ClInclude>
    <ClInclude Include="Eigen\src\StlSupport\StdVector.h">
      <Filter>Eigen\src</Filter>
    </ClInclude>
    <ClInclude Include="Eigen\src\Core\functors\StlFunctors.h">
      <Filter>Eigen\src</Filter>
    </ClInclude>
    <ClInclude Include="Eigen\src\Core\Stride.h">
      <Filter>Eigen\src</Filter>
    </ClInclude>
    <ClInclude Include="Eigen\src\SPQRSupport\SuiteSparseQRSupport.h">
      <Filter>Eigen\src</Filter>
    </ClInclude>
    <ClInclude Include="Eigen\src\SuperLUSupport\SuperLUSupport.h">
      <Filter>Eigen\src</Filter>
    </ClInclude>
    <ClInclude Include="Eigen\src\SVD\SVDBase.h">
      <Filter>Eigen\src</Filter>
    </ClInclude>
    <ClInclude Include="Eigen\src\Core\Swap.h">
      <Filter>Eigen\src</Filter>
    </ClInclude>
    <ClInclude Include="Eigen\src\Core\functors\TernaryFunctors.h">
      <Filter>Eigen\src</Filter>
    </ClInclude>
    <ClInclude Include="Eigen\src\Geometry\Transform.h">
      <Filter>Eigen\src</Filter>
    </ClInclude>
    <ClInclude Include="Eigen\src\Geometry\Translation.h">
      <Filter>Eigen\src</Filter>
    </ClInclude>
    <ClInclude Include="Eigen\src\Core\Transpose.h">
      <Filter>Eigen\src</Filter>
    </ClInclude>
    <ClInclude Include="Eigen\src\Core\Transpositions.h">
      <Filter>Eigen\src</Filter>
    </ClInclude>
    <ClInclude Include="Eigen\src\Core\TriangularMatrix.h">
      <Filter>Eigen\src</Filter>
    </ClInclude>
    <ClInclude Include="Eigen\src\Core\products\TriangularMatrixMatrix.h">
      <Filter>Eigen\src</Filter>
    </ClInclude>
    <ClInclude Include="Eigen\src\Core\products\TriangularMatrixMatrix_BLAS.h">
      <Filter>Eigen\src</Filter>
    </ClInclude>
    <ClInclude Include="Eigen\src\Core\products\TriangularMatrixVector.h">
      <Filter>Eigen\src</Filter>
    </ClInclude>
    <ClInclude Include="Eigen\src\Core\products\TriangularMatrixVector_BLAS.h">
      <Filter>Eigen\src</Filter>
    </ClInclude>
    <ClInclude Include="Eigen\src\SparseCore\TriangularSolver.h">
      <Filter>Eigen\src</Filter>
    </ClInclude>
    <ClInclude Include="Eigen\src\Core\products\TriangularSolverMatrix.h">
      <Filter>Eigen\src</Filter>
    </ClInclude>
    <ClInclude Include="Eigen\src\Core\products\TriangularSolverMatrix_BLAS.h">
      <Filter>Eigen\src</Filter>
    </ClInclude>
    <ClInclude Include="Eigen\src\Core\products\TriangularSolverVector.h">
      <Filter>Eigen\src</Filter>
    </ClInclude>
    <ClInclude Include="Eigen\src\Eigenvalues\Tridiagonalization.h">
      <Filter>Eigen\src</Filter>
    </ClInclude>
    <ClInclude Include="Eigen\src\Core\arch\CUDA\TypeCasting.h">
      <Filter>Eigen\src</Filter>
    </ClInclude>
    <ClInclude Include="Eigen\src\Core\arch\AVX\TypeCasting.h">
      <Filter>Eigen\src</Filter>
    </ClInclude>
    <ClInclude Include="Eigen\src\Core\arch\SSE\TypeCasting.h">
      <Filter>Eigen\src</Filter>
    </ClInclude>
    <ClInclude Include="Eigen\src\Geometry\Umeyama.h">
      <Filter>Eigen\src</Filter>
    </ClInclude>
    <ClInclude Include="Eigen\src\UmfPackSupport\UmfPackSupport.h">
      <Filter>Eigen\src</Filter>
    </ClInclude>
    <ClInclude Include="Eigen\src\Core\functors\UnaryFunctors.h">
      <Filter>Eigen\src</Filter>
    </ClInclude>
    <ClInclude Include="Eigen\src\SVD\UpperBidiagonalization.h">
      <Filter>Eigen\src</Filter>
    </ClInclude>
    <ClInclude Include="Eigen\src\Core\VectorBlock.h">
      <Filter>Eigen\src</Filter>
    </ClInclude>
    <ClInclude Include="Eigen\src\Core\VectorwiseOp.h">
      <Filter>Eigen\src</Filter>
    </ClInclude>
    <ClInclude Include="Eigen\src\Core\Visitor.h">
      <Filter>Eigen\src</Filter>
    </ClInclude>
    <ClInclude Include="Eigen\src\Core\util\XprHelper.h">
      <Filter>Eigen\src</Filter>
    </ClInclude>
    <ClInclude Include="savgol.h">
      <Filter>头文件</Filter>
    </ClInclude>
    <ClInclude Include="stdafx.h">
      <Filter>头文件</Filter>
    </ClInclude>
    <ClInclude Include="targetver.h">
      <Filter>头文件</Filter>
    </ClInclude>
    <ClInclude Include="SgFilter.h">
      <Filter>头文件</Filter>
    </ClInclude>
  </ItemGroup>
  <ItemGroup>
    <ClCompile Include="stdafx.cpp">
      <Filter>源文件</Filter>
    </ClCompile>
    <ClCompile Include="SgFilter.cpp">
      <Filter>源文件</Filter>
    </ClCompile>
    <ClCompile Include="dllmain.cpp">
      <Filter>源文件</Filter>
    </ClCompile>
    <ClCompile Include="savgol.cpp">
      <Filter>源文件</Filter>
    </ClCompile>
  </ItemGroup>
  <ItemGroup>
    <None Include="Eigen\Cholesky">
      <Filter>Eigen</Filter>
    </None>
    <None Include="Eigen\CholmodSupport">
      <Filter>Eigen</Filter>
    </None>
    <None Include="Eigen\Core">
      <Filter>Eigen</Filter>
    </None>
    <None Include="Eigen\Dense">
      <Filter>Eigen</Filter>
    </None>
    <None Include="Eigen\Eigen">
      <Filter>Eigen</Filter>
    </None>
    <None Include="Eigen\Eigenvalues">
      <Filter>Eigen</Filter>
    </None>
    <None Include="Eigen\Geometry">
      <Filter>Eigen</Filter>
    </None>
    <None Include="Eigen\Householder">
      <Filter>Eigen</Filter>
    </None>
    <None Include="Eigen\IterativeLinearSolvers">
      <Filter>Eigen</Filter>
    </None>
    <None Include="Eigen\Jacobi">
      <Filter>Eigen</Filter>
    </None>
    <None Include="Eigen\LU">
      <Filter>Eigen</Filter>
    </None>
    <None Include="Eigen\MetisSupport">
      <Filter>Eigen</Filter>
    </None>
    <None Include="Eigen\OrderingMethods">
      <Filter>Eigen</Filter>
    </None>
    <None Include="Eigen\PardisoSupport">
      <Filter>Eigen</Filter>
    </None>
    <None Include="Eigen\PaStiXSupport">
      <Filter>Eigen</Filter>
    </None>
    <None Include="Eigen\QR">
      <Filter>Eigen</Filter>
    </None>
    <None Include="Eigen\QtAlignedMalloc">
      <Filter>Eigen</Filter>
    </None>
    <None Include="Eigen\Sparse">
      <Filter>Eigen</Filter>
    </None>
    <None Include="Eigen\SparseCholesky">
      <Filter>Eigen</Filter>
    </None>
    <None Include="Eigen\SparseCore">
      <Filter>Eigen</Filter>
    </None>
    <None Include="Eigen\SparseLU">
      <Filter>Eigen</Filter>
    </None>
    <None Include="Eigen\SparseQR">
      <Filter>Eigen</Filter>
    </None>
    <None Include="Eigen\SPQRSupport">
      <Filter>Eigen</Filter>
    </None>
    <None Include="Eigen\StdDeque">
      <Filter>Eigen</Filter>
    </None>
    <None Include="Eigen\StdList">
      <Filter>Eigen</Filter>
    </None>
    <None Include="Eigen\StdVector">
      <Filter>Eigen</Filter>
    </None>
    <None Include="Eigen\SuperLUSupport">
      <Filter>Eigen</Filter>
    </None>
    <None Include="Eigen\SVD">
      <Filter>Eigen</Filter>
    </None>
    <None Include="Eigen\UmfPackSupport">
      <Filter>Eigen</Filter>
    </None>
  </ItemGroup>
</Project>